{
  "version": 4,
  "terraform_version": "1.8.3",
  "serial": 4,
  "lineage": "5b5b636c-0ff2-526f-c90d-9a2347854458",
  "outputs": {
    "jenkins_proxy": {
      "value": {
        "integrations": [
          "slack"
        ],
        "name": "jenkins-proxy-teammate-barak",
        "runner": "runnerv2-5-vcluster",
        "source_url": "https://github.com/kubiyabot/community-tools/tree/jenkins_tooling/jenkins"
      },
      "type": [
        "object",
        {
          "integrations": [
            "list",
            "string"
          ],
          "name": "string",
          "runner": "string",
          "source_url": "string"
        }
      ]
    }
  },
  "resources": [
    {
      "mode": "managed",
      "type": "kubiya_agent",
      "name": "jenkins_proxy",
      "provider": "provider[\"registry.terraform.io/kubiya-terraform/kubiya\"]",
      "instances": [
        {
          "schema_version": 0,
          "attributes": {
            "created_at": "eb86728c-c8fa-4221-be49-b0afa6d81a93",
            "description": "Jenkins Jobs Conversational Proxy",
            "environment_variables": {
              "JENKINS_URL": "http://jenkins.example.com:8080"
            },
            "groups": [
              "Admin"
            ],
            "id": "efd07601-5d69-43f3-81ac-283fa22ef48f",
            "image": "ghcr.io/kubiyabot/kubiya-agent:stable",
            "instructions": "I am a Jenkins jobs execution proxy. I can help you trigger and monitor Jenkins jobs, stream logs, and manage job executions.",
            "integrations": [
              "slack"
            ],
            "is_debug_mode": false,
            "links": [],
            "model": "azure/gpt-4",
            "name": "jenkins-proxy-teammate-barak",
            "owner": "barak.nagar@kubiya.ai",
            "runner": "runnerv2-5-vcluster",
            "secrets": [
              "JENKINS_API_TOKEN"
            ],
            "sources": [
              "jenkins(1)"
            ],
            "starters": null,
            "tasks": null,
            "tool_sources": [],
            "users": []
          },
          "sensitive_attributes": [],
          "dependencies": [
            "kubiya_source.jenkins_source"
          ]
        }
      ]
    },
    {
      "mode": "managed",
      "type": "kubiya_source",
      "name": "jenkins_source",
      "provider": "provider[\"registry.terraform.io/kubiya-terraform/kubiya\"]",
      "instances": [
        {
          "schema_version": 0,
          "attributes": {
            "dynamic_config": "{\"jenkins\":{\"defaults\":{\"long_running_threshold\":300,\"poll_interval\":30,\"stream_logs\":\"true\"},\"jobs\":{\"exclude\":[\"none\"],\"include\":[\"*\"],\"sync_all\":true},\"password\":\"test\",\"url\":\"http://jenkins.example.com:8080\",\"username\":\"admin\"}}",
            "id": "8e70fd17-f019-4727-9d35-ab18d5e780e5",
            "name": "jenkins(1)",
            "runner": "runnerv2-5-vcluster",
            "url": "https://github.com/kubiyabot/community-tools/tree/jenkins_tooling/jenkins"
          },
          "sensitive_attributes": [
            [
              {
                "type": "get_attr",
                "value": "dynamic_config"
              }
            ]
          ]
        }
      ]
    },
    {
      "mode": "managed",
      "type": "null_resource",
      "name": "jenkins_token",
      "provider": "provider[\"registry.terraform.io/hashicorp/null\"]",
      "instances": [
        {
          "schema_version": 0,
          "attributes": {
            "id": "5610867405835461579",
            "triggers": {
              "jenkins_token_name": "JENKINS_API_TOKEN"
            }
          },
          "sensitive_attributes": []
        }
      ]
    }
  ],
  "check_results": [
    {
      "object_kind": "var",
      "config_addr": "var.jenkins_url",
      "status": "pass",
      "objects": [
        {
          "object_addr": "var.jenkins_url",
          "status": "pass"
        }
      ]
    },
    {
      "object_kind": "var",
      "config_addr": "var.poll_interval",
      "status": "pass",
      "objects": [
        {
          "object_addr": "var.poll_interval",
          "status": "pass"
        }
      ]
    },
    {
      "object_kind": "var",
      "config_addr": "var.long_running_threshold",
      "status": "pass",
      "objects": [
        {
          "object_addr": "var.long_running_threshold",
          "status": "pass"
        }
      ]
    }
  ]
}
